
Microsoft Visual Studio Solution File, Format Version 12.00
# Visual Studio Version 16
VisualStudioVersion = 16.0.31205.134
MinimumVisualStudioVersion = 10.0.40219.1
Project("{FAE04EC0-301F-11D3-BF4B-00C04F79EFBC}") = "CIS227FinalAlbright", "CIS227FinalAlbright\CIS227FinalAlbright.csproj", "{73C7D4F5-175A-4833-8009-D92C5DA9EAA6}"
EndProject
Global
	GlobalSection(SolutionConfigurationPlatforms) = preSolution
		Debug|Any CPU = Debug|Any CPU
		Release|Any CPU = Release|Any CPU
	EndGlobalSection
	GlobalSection(ProjectConfigurationPlatforms) = postSolution
		{73C7D4F5-175A-4833-8009-D92C5DA9EAA6}.Debug|Any CPU.ActiveCfg = Debug|Any CPU
		{73C7D4F5-175A-4833-8009-D92C5DA9EAA6}.Debug|Any CPU.Build.0 = Debug|Any CPU
		{73C7D4F5-175A-4833-8009-D92C5DA9EAA6}.Release|Any CPU.ActiveCfg = Release|Any CPU
		{73C7D4F5-175A-4833-8009-D92C5DA9EAA6}.Release|Any CPU.Build.0 = Release|Any CPU
	EndGlobalSection
	GlobalSection(SolutionProperties) = preSolution
		HideSolutionNode = FALSE
	EndGlobalSection
	GlobalSection(ExtensibilityGlobals) = postSolution
		SolutionGuid = {324C33F7-2B73-4463-84C0-4E62A7A10360}
	EndGlobalSection
EndGlobal
